{
  "version": "1",
  "sources": {
    "nixpkgs": {
      "type": "GitHub",
      "fetchType": "tarball",
      "owner": "nixos",
      "repo": "nixpkgs",
      "branch": "nixos-unstable",
      "revision": "331800de5053fcebacf6813adb5db9c9dca22a0c",
      "url": "https://github.com/nixos/nixpkgs/archive/331800de5053fcebacf6813adb5db9c9dca22a0c.tar.gz",
      "hash": "sha256-x5UQuRsH3MqI0U9afaXSNqzTPSeZlRLvFAav2Ux1pNw="
    },
    "pre-commit": {
      "type": "GitHub",
      "fetchType": "tarball",
      "owner": "cachix",
      "repo": "git-hooks.nix",
      "branch": "master",
      "revision": "61ab0e80d9c7ab14c256b5b453d8b3fb0189ba0a",
      "url": "https://github.com/cachix/git-hooks.nix/archive/61ab0e80d9c7ab14c256b5b453d8b3fb0189ba0a.tar.gz",
      "hash": "sha256-kTwur1wV+01SdqskVMSo6JMEpg71ps3HpbFY2GsflKs="
    }
  }
}
