{
  "version": "1",
  "sources": {
    "nixpkgs": {
      "type": "GitHub",
      "fetchType": "tarball",
      "owner": "nixos",
      "repo": "nixpkgs",
      "branch": "nixos-unstable",
      "revision": "2d293cbfa5a793b4c50d17c05ef9e385b90edf6c",
      "url": "https://github.com/nixos/nixpkgs/archive/2d293cbfa5a793b4c50d17c05ef9e385b90edf6c.tar.gz",
      "hash": "sha256-pp3uT4hHijIC8JUK5MEqeAWmParJrgBVzHLNfJDZxg4="
    },
    "pre-commit": {
      "type": "GitHub",
      "fetchType": "tarball",
      "owner": "cachix",
      "repo": "git-hooks.nix",
      "branch": "master",
      "revision": "54df955a695a84cd47d4a43e08e1feaf90b1fd9b",
      "url": "https://github.com/cachix/git-hooks.nix/archive/54df955a695a84cd47d4a43e08e1feaf90b1fd9b.tar.gz",
      "hash": "sha256-ytw7ROXaWZ7OfwHrQ9xvjpUWeGVm86pwnEd1QhzawIo="
    }
  }
}
