{
  "version": "1",
  "sources": {
    "nixpkgs": {
      "type": "GitHub",
      "fetchType": "tarball",
      "owner": "nixos",
      "repo": "nixpkgs",
      "branch": "nixos-unstable",
      "revision": "2d293cbfa5a793b4c50d17c05ef9e385b90edf6c",
      "url": "https://github.com/nixos/nixpkgs/archive/2d293cbfa5a793b4c50d17c05ef9e385b90edf6c.tar.gz",
      "hash": "sha256-pp3uT4hHijIC8JUK5MEqeAWmParJrgBVzHLNfJDZxg4="
    },
    "pre-commit": {
      "type": "GitHub",
      "fetchType": "tarball",
      "owner": "cachix",
      "repo": "git-hooks.nix",
      "branch": "master",
      "revision": "50b9238891e388c9fdc6a5c49e49c42533a1b5ce",
      "url": "https://github.com/cachix/git-hooks.nix/archive/50b9238891e388c9fdc6a5c49e49c42533a1b5ce.tar.gz",
      "hash": "sha256-QlcnByMc8KBjpU37rbq5iP7Cp97HvjRP0ucfdh+M4Qc="
    }
  }
}
